// !$*UTF8*$!
{
	archiveVersion = 1;
	classes = {
	};
	objectVersion = 56;
	objects = {

/* Begin PBXBuildFile section */
		ACC9489A2C3D0B5600E60F68 /* AppDelegate.swift in Sources */ = {isa = PBXBuildFile; fileRef = ACC948992C3D0B5600E60F68 /* AppDelegate.swift */; };
		ACC9489C2C3D0B5600E60F68 /* SceneDelegate.swift in Sources */ = {isa = PBXBuildFile; fileRef = ACC9489B2C3D0B5600E60F68 /* SceneDelegate.swift */; };
		ACC9489E2C3D0B5600E60F68 /* ViewController.swift in Sources */ = {isa = PBXBuildFile; fileRef = ACC9489D2C3D0B5600E60F68 /* ViewController.swift */; };
		ACC948A12C3D0B5700E60F68 /* Base in Resources */ = {isa = PBXBuildFile; fileRef = ACC948A02C3D0B5700E60F68 /* Base */; };
		ACC948A32C3D0B5800E60F68 /* Assets.xcassets in Resources */ = {isa = PBXBuildFile; fileRef = ACC948A22C3D0B5800E60F68 /* Assets.xcassets */; };
		ACC948A62C3D0B5800E60F68 /* Base in Resources */ = {isa = PBXBuildFile; fileRef = ACC948A52C3D0B5800E60F68 /* Base */; };
		ACC948B12C3D0B5800E60F68 /* week4_topic3_URLSession_practiceTests.swift in Sources */ = {isa = PBXBuildFile; fileRef = ACC948B02C3D0B5800E60F68 /* week4_topic3_URLSession_practiceTests.swift */; };
		ACC948BB2C3D0B5800E60F68 /* week4_topic3_URLSession_practiceUITests.swift in Sources */ = {isa = PBXBuildFile; fileRef = ACC948BA2C3D0B5800E60F68 /* week4_topic3_URLSession_practiceUITests.swift */; };
		ACC948BD2C3D0B5800E60F68 /* week4_topic3_URLSession_practiceUITestsLaunchTests.swift in Sources */ = {isa = PBXBuildFile; fileRef = ACC948BC2C3D0B5800E60F68 /* week4_topic3_URLSession_practiceUITestsLaunchTests.swift */; };
/* End PBXBuildFile section */

/* Begin PBXContainerItemProxy section */
		ACC948AD2C3D0B5800E60F68 /* PBXContainerItemProxy */ = {
			isa = PBXContainerItemProxy;
			containerPortal = ACC9488E2C3D0B5600E60F68 /* Project object */;
			proxyType = 1;
			remoteGlobalIDString = ACC948952C3D0B5600E60F68;
			remoteInfo = week4_topic3_URLSession_practice;
		};
		ACC948B72C3D0B5800E60F68 /* PBXContainerItemProxy */ = {
			isa = PBXContainerItemProxy;
			containerPortal = ACC9488E2C3D0B5600E60F68 /* Project object */;
			proxyType = 1;
			remoteGlobalIDString = ACC948952C3D0B5600E60F68;
			remoteInfo = week4_topic3_URLSession_practice;
		};
/* End PBXContainerItemProxy section */

/* Begin PBXFileReference section */
		ACC948962C3D0B5600E60F68 /* week4_topic3_URLSession_practice.app */ = {isa = PBXFileReference; explicitFileType = wrapper.application; includeInIndex = 0; path = week4_topic3_URLSession_practice.app; sourceTree = BUILT_PRODUCTS_DIR; };
		ACC948992C3D0B5600E60F68 /* AppDelegate.swift */ = {isa = PBXFileReference; lastKnownFileType = sourcecode.swift; path = AppDelegate.swift; sourceTree = "<group>"; };
		ACC9489B2C3D0B5600E60F68 /* SceneDelegate.swift */ = {isa = PBXFileReference; lastKnownFileType = sourcecode.swift; path = SceneDelegate.swift; sourceTree = "<group>"; };
		ACC9489D2C3D0B5600E60F68 /* ViewController.swift */ = {isa = PBXFileReference; lastKnownFileType = sourcecode.swift; path = ViewController.swift; sourceTree = "<group>"; };
		ACC948A02C3D0B5700E60F68 /* Base */ = {isa = PBXFileReference; lastKnownFileType = file.storyboard; name = Base; path = Base.lproj/Main.storyboard; sourceTree = "<group>"; };
		ACC948A22C3D0B5800E60F68 /* Assets.xcassets */ = {isa = PBXFileReference; lastKnownFileType = folder.assetcatalog; path = Assets.xcassets; sourceTree = "<group>"; };
		ACC948A52C3D0B5800E60F68 /* Base */ = {isa = PBXFileReference; lastKnownFileType = file.storyboard; name = Base; path = Base.lproj/LaunchScreen.storyboard; sourceTree = "<group>"; };
		ACC948A72C3D0B5800E60F68 /* Info.plist */ = {isa = PBXFileReference; lastKnownFileType = text.plist.xml; path = Info.plist; sourceTree = "<group>"; };
		ACC948AC2C3D0B5800E60F68 /* week4_topic3_URLSession_practiceTests.xctest */ = {isa = PBXFileReference; explicitFileType = wrapper.cfbundle; includeInIndex = 0; path = week4_topic3_URLSession_practiceTests.xctest; sourceTree = BUILT_PRODUCTS_DIR; };
		ACC948B02C3D0B5800E60F68 /* week4_topic3_URLSession_practiceTests.swift */ = {isa = PBXFileReference; lastKnownFileType = sourcecode.swift; path = week4_topic3_URLSession_practiceTests.swift; sourceTree = "<group>"; };
		ACC948B62C3D0B5800E60F68 /* week4_topic3_URLSession_practiceUITests.xctest */ = {isa = PBXFileReference; explicitFileType = wrapper.cfbundle; includeInIndex = 0; path = week4_topic3_URLSession_practiceUITests.xctest; sourceTree = BUILT_PRODUCTS_DIR; };
		ACC948BA2C3D0B5800E60F68 /* week4_topic3_URLSession_practiceUITests.swift */ = {isa = PBXFileReference; lastKnownFileType = sourcecode.swift; path = week4_topic3_URLSession_practiceUITests.swift; sourceTree = "<group>"; };
		ACC948BC2C3D0B5800E60F68 /* week4_topic3_URLSession_practiceUITestsLaunchTests.swift */ = {isa = PBXFileReference; lastKnownFileType = sourcecode.swift; path = week4_topic3_URLSession_practiceUITestsLaunchTests.swift; sourceTree = "<group>"; };
/* End PBXFileReference section */

/* Begin PBXFrameworksBuildPhase section */
		ACC948932C3D0B5600E60F68 /* Frameworks */ = {
			isa = PBXFrameworksBuildPhase;
			buildActionMask = 2147483647;
			files = (
			);
			runOnlyForDeploymentPostprocessing = 0;
		};
		ACC948A92C3D0B5800E60F68 /* Frameworks */ = {
			isa = PBXFrameworksBuildPhase;
			buildActionMask = 2147483647;
			files = (
			);
			runOnlyForDeploymentPostprocessing = 0;
		};
		ACC948B32C3D0B5800E60F68 /* Frameworks */ = {
			isa = PBXFrameworksBuildPhase;
			buildActionMask = 2147483647;
			files = (
			);
			runOnlyForDeploymentPostprocessing = 0;
		};
/* End PBXFrameworksBuildPhase section */

/* Begin PBXGroup section */
		ACC9488D2C3D0B5600E60F68 = {
			isa = PBXGroup;
			children = (
				ACC948982C3D0B5600E60F68 /* week4_topic3_URLSession_practice */,
				ACC948AF2C3D0B5800E60F68 /* week4_topic3_URLSession_practiceTests */,
				ACC948B92C3D0B5800E60F68 /* week4_topic3_URLSession_practiceUITests */,
				ACC948972C3D0B5600E60F68 /* Products */,
			);
			sourceTree = "<group>";
		};
		ACC948972C3D0B5600E60F68 /* Products */ = {
			isa = PBXGroup;
			children = (
				ACC948962C3D0B5600E60F68 /* week4_topic3_URLSession_practice.app */,
				ACC948AC2C3D0B5800E60F68 /* week4_topic3_URLSession_practiceTests.xctest */,
				ACC948B62C3D0B5800E60F68 /* week4_topic3_URLSession_practiceUITests.xctest */,
			);
			name = Products;
			sourceTree = "<group>";
		};
		ACC948982C3D0B5600E60F68 /* week4_topic3_URLSession_practice */ = {
			isa = PBXGroup;
			children = (
				ACC948992C3D0B5600E60F68 /* AppDelegate.swift */,
				ACC9489B2C3D0B5600E60F68 /* SceneDelegate.swift */,
				ACC9489D2C3D0B5600E60F68 /* ViewController.swift */,
				ACC9489F2C3D0B5700E60F68 /* Main.storyboard */,
				ACC948A22C3D0B5800E60F68 /* Assets.xcassets */,
				ACC948A42C3D0B5800E60F68 /* LaunchScreen.storyboard */,
				ACC948A72C3D0B5800E60F68 /* Info.plist */,
			);
			path = week4_topic3_URLSession_practice;
			sourceTree = "<group>";
		};
		ACC948AF2C3D0B5800E60F68 /* week4_topic3_URLSession_practiceTests */ = {
			isa = PBXGroup;
			children = (
				ACC948B02C3D0B5800E60F68 /* week4_topic3_URLSession_practiceTests.swift */,
			);
			path = week4_topic3_URLSession_practiceTests;
			sourceTree = "<group>";
		};
		ACC948B92C3D0B5800E60F68 /* week4_topic3_URLSession_practiceUITests */ = {
			isa = PBXGroup;
			children = (
				ACC948BA2C3D0B5800E60F68 /* week4_topic3_URLSession_practiceUITests.swift */,
				ACC948BC2C3D0B5800E60F68 /* week4_topic3_URLSession_practiceUITestsLaunchTests.swift */,
			);
			path = week4_topic3_URLSession_practiceUITests;
			sourceTree = "<group>";
		};
/* End PBXGroup section */

/* Begin PBXNativeTarget section */
		ACC948952C3D0B5600E60F68 /* week4_topic3_URLSession_practice */ = {
			isa = PBXNativeTarget;
			buildConfigurationList = ACC948C02C3D0B5800E60F68 /* Build configuration list for PBXNativeTarget "week4_topic3_URLSession_practice" */;
			buildPhases = (
				ACC948922C3D0B5600E60F68 /* Sources */,
				ACC948932C3D0B5600E60F68 /* Frameworks */,
				ACC948942C3D0B5600E60F68 /* Resources */,
			);
			buildRules = (
			);
			dependencies = (
			);
			name = week4_topic3_URLSession_practice;
			productName = week4_topic3_URLSession_practice;
			productReference = ACC948962C3D0B5600E60F68 /* week4_topic3_URLSession_practice.app */;
			productType = "com.apple.product-type.application";
		};
		ACC948AB2C3D0B5800E60F68 /* week4_topic3_URLSession_practiceTests */ = {
			isa = PBXNativeTarget;
			buildConfigurationList = ACC948C32C3D0B5800E60F68 /* Build configuration list for PBXNativeTarget "week4_topic3_URLSession_practiceTests" */;
			buildPhases = (
				ACC948A82C3D0B5800E60F68 /* Sources */,
				ACC948A92C3D0B5800E60F68 /* Frameworks */,
				ACC948AA2C3D0B5800E60F68 /* Resources */,
			);
			buildRules = (
			);
			dependencies = (
				ACC948AE2C3D0B5800E60F68 /* PBXTargetDependency */,
			);
			name = week4_topic3_URLSession_practiceTests;
			productName = week4_topic3_URLSession_practiceTests;
			productReference = ACC948AC2C3D0B5800E60F68 /* week4_topic3_URLSession_practiceTests.xctest */;
			productType = "com.apple.product-type.bundle.unit-test";
		};
		ACC948B52C3D0B5800E60F68 /* week4_topic3_URLSession_practiceUITests */ = {
			isa = PBXNativeTarget;
			buildConfigurationList = ACC948C62C3D0B5800E60F68 /* Build configuration list for PBXNativeTarget "week4_topic3_URLSession_practiceUITests" */;
			buildPhases = (
				ACC948B22C3D0B5800E60F68 /* Sources */,
				ACC948B32C3D0B5800E60F68 /* Frameworks */,
				ACC948B42C3D0B5800E60F68 /* Resources */,
			);
			buildRules = (
			);
			dependencies = (
				ACC948B82C3D0B5800E60F68 /* PBXTargetDependency */,
			);
			name = week4_topic3_URLSession_practiceUITests;
			productName = week4_topic3_URLSession_practiceUITests;
			productReference = ACC948B62C3D0B5800E60F68 /* week4_topic3_URLSession_practiceUITests.xctest */;
			productType = "com.apple.product-type.bundle.ui-testing";
		};
/* End PBXNativeTarget section */

/* Begin PBXProject section */
		ACC9488E2C3D0B5600E60F68 /* Project object */ = {
			isa = PBXProject;
			attributes = {
				BuildIndependentTargetsInParallel = 1;
				LastSwiftUpdateCheck = 1540;
				LastUpgradeCheck = 1540;
				TargetAttributes = {
					ACC948952C3D0B5600E60F68 = {
						CreatedOnToolsVersion = 15.4;
					};
					ACC948AB2C3D0B5800E60F68 = {
						CreatedOnToolsVersion = 15.4;
						TestTargetID = ACC948952C3D0B5600E60F68;
					};
					ACC948B52C3D0B5800E60F68 = {
						CreatedOnToolsVersion = 15.4;
						TestTargetID = ACC948952C3D0B5600E60F68;
					};
				};
			};
			buildConfigurationList = ACC948912C3D0B5600E60F68 /* Build configuration list for PBXProject "week4_topic3_URLSession_practice" */;
			compatibilityVersion = "Xcode 14.0";
			developmentRegion = en;
			hasScannedForEncodings = 0;
			knownRegions = (
				en,
				Base,
			);
			mainGroup = ACC9488D2C3D0B5600E60F68;
			productRefGroup = ACC948972C3D0B5600E60F68 /* Products */;
			projectDirPath = "";
			projectRoot = "";
			targets = (
				ACC948952C3D0B5600E60F68 /* week4_topic3_URLSession_practice */,
				ACC948AB2C3D0B5800E60F68 /* week4_topic3_URLSession_practiceTests */,
				ACC948B52C3D0B5800E60F68 /* week4_topic3_URLSession_practiceUITests */,
			);
		};
/* End PBXProject section */

/* Begin PBXResourcesBuildPhase section */
		ACC948942C3D0B5600E60F68 /* Resources */ = {
			isa = PBXResourcesBuildPhase;
			buildActionMask = 2147483647;
			files = (
				ACC948A32C3D0B5800E60F68 /* Assets.xcassets in Resources */,
				ACC948A62C3D0B5800E60F68 /* Base in Resources */,
				ACC948A12C3D0B5700E60F68 /* Base in Resources */,
			);
			runOnlyForDeploymentPostprocessing = 0;
		};
		ACC948AA2C3D0B5800E60F68 /* Resources */ = {
			isa = PBXResourcesBuildPhase;
			buildActionMask = 2147483647;
			files = (
			);
			runOnlyForDeploymentPostprocessing = 0;
		};
		ACC948B42C3D0B5800E60F68 /* Resources */ = {
			isa = PBXResourcesBuildPhase;
			buildActionMask = 2147483647;
			files = (
			);
			runOnlyForDeploymentPostprocessing = 0;
		};
/* End PBXResourcesBuildPhase section */

/* Begin PBXSourcesBuildPhase section */
		ACC948922C3D0B5600E60F68 /* Sources */ = {
			isa = PBXSourcesBuildPhase;
			buildActionMask = 2147483647;
			files = (
				ACC9489E2C3D0B5600E60F68 /* ViewController.swift in Sources */,
				ACC9489A2C3D0B5600E60F68 /* AppDelegate.swift in Sources */,
				ACC9489C2C3D0B5600E60F68 /* SceneDelegate.swift in Sources */,
			);
			runOnlyForDeploymentPostprocessing = 0;
		};
		ACC948A82C3D0B5800E60F68 /* Sources */ = {
			isa = PBXSourcesBuildPhase;
			buildActionMask = 2147483647;
			files = (
				ACC948B12C3D0B5800E60F68 /* week4_topic3_URLSession_practiceTests.swift in Sources */,
			);
			runOnlyForDeploymentPostprocessing = 0;
		};
		ACC948B22C3D0B5800E60F68 /* Sources */ = {
			isa = PBXSourcesBuildPhase;
			buildActionMask = 2147483647;
			files = (
				ACC948BB2C3D0B5800E60F68 /* week4_topic3_URLSession_practiceUITests.swift in Sources */,
				ACC948BD2C3D0B5800E60F68 /* week4_topic3_URLSession_practiceUITestsLaunchTests.swift in Sources */,
			);
			runOnlyForDeploymentPostprocessing = 0;
		};
/* End PBXSourcesBuildPhase section */

/* Begin PBXTargetDependency section */
		ACC948AE2C3D0B5800E60F68 /* PBXTargetDependency */ = {
			isa = PBXTargetDependency;
			target = ACC948952C3D0B5600E60F68 /* week4_topic3_URLSession_practice */;
			targetProxy = ACC948AD2C3D0B5800E60F68 /* PBXContainerItemProxy */;
		};
		ACC948B82C3D0B5800E60F68 /* PBXTargetDependency */ = {
			isa = PBXTargetDependency;
			target = ACC948952C3D0B5600E60F68 /* week4_topic3_URLSession_practice */;
			targetProxy = ACC948B72C3D0B5800E60F68 /* PBXContainerItemProxy */;
		};
/* End PBXTargetDependency section */

/* Begin PBXVariantGroup section */
		ACC9489F2C3D0B5700E60F68 /* Main.storyboard */ = {
			isa = PBXVariantGroup;
			children = (
				ACC948A02C3D0B5700E60F68 /* Base */,
			);
			name = Main.storyboard;
			sourceTree = "<group>";
		};
		ACC948A42C3D0B5800E60F68 /* LaunchScreen.storyboard */ = {
			isa = PBXVariantGroup;
			children = (
				ACC948A52C3D0B5800E60F68 /* Base */,
			);
			name = LaunchScreen.storyboard;
			sourceTree = "<group>";
		};
/* End PBXVariantGroup section */

/* Begin XCBuildConfiguration section */
		ACC948BE2C3D0B5800E60F68 /* Debug */ = {
			isa = XCBuildConfiguration;
			buildSettings = {
				ALWAYS_SEARCH_USER_PATHS = NO;
				ASSETCATALOG_COMPILER_GENERATE_SWIFT_ASSET_SYMBOL_EXTENSIONS = YES;
				CLANG_ANALYZER_NONNULL = YES;
				CLANG_ANALYZER_NUMBER_OBJECT_CONVERSION = YES_AGGRESSIVE;
				CLANG_CXX_LANGUAGE_STANDARD = "gnu++20";
				CLANG_ENABLE_MODULES = YES;
				CLANG_ENABLE_OBJC_ARC = YES;
				CLANG_ENABLE_OBJC_WEAK = YES;
				CLANG_WARN_BLOCK_CAPTURE_AUTORELEASING = YES;
				CLANG_WARN_BOOL_CONVERSION = YES;
				CLANG_WARN_COMMA = YES;
				CLANG_WARN_CONSTANT_CONVERSION = YES;
				CLANG_WARN_DEPRECATED_OBJC_IMPLEMENTATIONS = YES;
				CLANG_WARN_DIRECT_OBJC_ISA_USAGE = YES_ERROR;
				CLANG_WARN_DOCUMENTATION_COMMENTS = YES;
				CLANG_WARN_EMPTY_BODY = YES;
				CLANG_WARN_ENUM_CONVERSION = YES;
				CLANG_WARN_INFINITE_RECURSION = YES;
				CLANG_WARN_INT_CONVERSION = YES;
				CLANG_WARN_NON_LITERAL_NULL_CONVERSION = YES;
				CLANG_WARN_OBJC_IMPLICIT_RETAIN_SELF = YES;
				CLANG_WARN_OBJC_LITERAL_CONVERSION = YES;
				CLANG_WARN_OBJC_ROOT_CLASS = YES_ERROR;
				CLANG_WARN_QUOTED_INCLUDE_IN_FRAMEWORK_HEADER = YES;
				CLANG_WARN_RANGE_LOOP_ANALYSIS = YES;
				CLANG_WARN_STRICT_PROTOTYPES = YES;
				CLANG_WARN_SUSPICIOUS_MOVE = YES;
				CLANG_WARN_UNGUARDED_AVAILABILITY = YES_AGGRESSIVE;
				CLANG_WARN_UNREACHABLE_CODE = YES;
				CLANG_WARN__DUPLICATE_METHOD_MATCH = YES;
				COPY_PHASE_STRIP = NO;
				DEBUG_INFORMATION_FORMAT = dwarf;
				ENABLE_STRICT_OBJC_MSGSEND = YES;
				ENABLE_TESTABILITY = YES;
				ENABLE_USER_SCRIPT_SANDBOXING = YES;
				GCC_C_LANGUAGE_STANDARD = gnu17;
				GCC_DYNAMIC_NO_PIC = NO;
				GCC_NO_COMMON_BLOCKS = YES;
				GCC_OPTIMIZATION_LEVEL = 0;
				GCC_PREPROCESSOR_DEFINITIONS = (
					"DEBUG=1",
					"$(inherited)",
				);
				GCC_WARN_64_TO_32_BIT_CONVERSION = YES;
				GCC_WARN_ABOUT_RETURN_TYPE = YES_ERROR;
				GCC_WARN_UNDECLARED_SELECTOR = YES;
				GCC_WARN_UNINITIALIZED_AUTOS = YES_AGGRESSIVE;
				GCC_WARN_UNUSED_FUNCTION = YES;
				GCC_WARN_UNUSED_VARIABLE = YES;
				IPHONEOS_DEPLOYMENT_TARGET = 17.5;
				LOCALIZATION_PREFERS_STRING_CATALOGS = YES;
				MTL_ENABLE_DEBUG_INFO = INCLUDE_SOURCE;
				MTL_FAST_MATH = YES;
				ONLY_ACTIVE_ARCH = YES;
				SDKROOT = iphoneos;
				SWIFT_ACTIVE_COMPILATION_CONDITIONS = "DEBUG $(inherited)";
				SWIFT_OPTIMIZATION_LEVEL = "-Onone";
			};
			name = Debug;
		};
		ACC948BF2C3D0B5800E60F68 /* Release */ = {
			isa = XCBuildConfiguration;
			buildSettings = {
				ALWAYS_SEARCH_USER_PATHS = NO;
				ASSETCATALOG_COMPILER_GENERATE_SWIFT_ASSET_SYMBOL_EXTENSIONS = YES;
				CLANG_ANALYZER_NONNULL = YES;
				CLANG_ANALYZER_NUMBER_OBJECT_CONVERSION = YES_AGGRESSIVE;
				CLANG_CXX_LANGUAGE_STANDARD = "gnu++20";
				CLANG_ENABLE_MODULES = YES;
				CLANG_ENABLE_OBJC_ARC = YES;
				CLANG_ENABLE_OBJC_WEAK = YES;
				CLANG_WARN_BLOCK_CAPTURE_AUTORELEASING = YES;
				CLANG_WARN_BOOL_CONVERSION = YES;
				CLANG_WARN_COMMA = YES;
				CLANG_WARN_CONSTANT_CONVERSION = YES;
				CLANG_WARN_DEPRECATED_OBJC_IMPLEMENTATIONS = YES;
				CLANG_WARN_DIRECT_OBJC_ISA_USAGE = YES_ERROR;
				CLANG_WARN_DOCUMENTATION_COMMENTS = YES;
				CLANG_WARN_EMPTY_BODY = YES;
				CLANG_WARN_ENUM_CONVERSION = YES;
				CLANG_WARN_INFINITE_RECURSION = YES;
				CLANG_WARN_INT_CONVERSION = YES;
				CLANG_WARN_NON_LITERAL_NULL_CONVERSION = YES;
				CLANG_WARN_OBJC_IMPLICIT_RETAIN_SELF = YES;
				CLANG_WARN_OBJC_LITERAL_CONVERSION = YES;
				CLANG_WARN_OBJC_ROOT_CLASS = YES_ERROR;
				CLANG_WARN_QUOTED_INCLUDE_IN_FRAMEWORK_HEADER = YES;
				CLANG_WARN_RANGE_LOOP_ANALYSIS = YES;
				CLANG_WARN_STRICT_PROTOTYPES = YES;
				CLANG_WARN_SUSPICIOUS_MOVE = YES;
				CLANG_WARN_UNGUARDED_AVAILABILITY = YES_AGGRESSIVE;
				CLANG_WARN_UNREACHABLE_CODE = YES;
				CLANG_WARN__DUPLICATE_METHOD_MATCH = YES;
				COPY_PHASE_STRIP = NO;
				DEBUG_INFORMATION_FORMAT = "dwarf-with-dsym";
				ENABLE_NS_ASSERTIONS = NO;
				ENABLE_STRICT_OBJC_MSGSEND = YES;
				ENABLE_USER_SCRIPT_SANDBOXING = YES;
				GCC_C_LANGUAGE_STANDARD = gnu17;
				GCC_NO_COMMON_BLOCKS = YES;
				GCC_WARN_64_TO_32_BIT_CONVERSION = YES;
				GCC_WARN_ABOUT_RETURN_TYPE = YES_ERROR;
				GCC_WARN_UNDECLARED_SELECTOR = YES;
				GCC_WARN_UNINITIALIZED_AUTOS = YES_AGGRESSIVE;
				GCC_WARN_UNUSED_FUNCTION = YES;
				GCC_WARN_UNUSED_VARIABLE = YES;
				IPHONEOS_DEPLOYMENT_TARGET = 17.5;
				LOCALIZATION_PREFERS_STRING_CATALOGS = YES;
				MTL_ENABLE_DEBUG_INFO = NO;
				MTL_FAST_MATH = YES;
				SDKROOT = iphoneos;
				SWIFT_COMPILATION_MODE = wholemodule;
				VALIDATE_PRODUCT = YES;
			};
			name = Release;
		};
		ACC948C12C3D0B5800E60F68 /* Debug */ = {
			isa = XCBuildConfiguration;
			buildSettings = {
				ASSETCATALOG_COMPILER_APPICON_NAME = AppIcon;
				ASSETCATALOG_COMPILER_GLOBAL_ACCENT_COLOR_NAME = AccentColor;
				CODE_SIGN_STYLE = Automatic;
				CURRENT_PROJECT_VERSION = 1;
				GENERATE_INFOPLIST_FILE = YES;
				INFOPLIST_FILE = week4_topic3_URLSession_practice/Info.plist;
				INFOPLIST_KEY_UIApplicationSupportsIndirectInputEvents = YES;
				INFOPLIST_KEY_UILaunchStoryboardName = LaunchScreen;
				INFOPLIST_KEY_UIMainStoryboardFile = Main;
				INFOPLIST_KEY_UISupportedInterfaceOrientations_iPad = "UIInterfaceOrientationPortrait UIInterfaceOrientationPortraitUpsideDown UIInterfaceOrientationLandscapeLeft UIInterfaceOrientationLandscapeRight";
				INFOPLIST_KEY_UISupportedInterfaceOrientations_iPhone = "UIInterfaceOrientationPortrait UIInterfaceOrientationLandscapeLeft UIInterfaceOrientationLandscapeRight";
				LD_RUNPATH_SEARCH_PATHS = (
					"$(inherited)",
					"@executable_path/Frameworks",
				);
				MARKETING_VERSION = 1.0;
				PRODUCT_BUNDLE_IDENTIFIER = "yen.week4-topic3-URLSession-practice";
				PRODUCT_NAME = "$(TARGET_NAME)";
				SWIFT_EMIT_LOC_STRINGS = YES;
				SWIFT_VERSION = 5.0;
				TARGETED_DEVICE_FAMILY = "1,2";
			};
			name = Debug;
		};
		ACC948C22C3D0B5800E60F68 /* Release */ = {
			isa = XCBuildConfiguration;
			buildSettings = {
				ASSETCATALOG_COMPILER_APPICON_NAME = AppIcon;
				ASSETCATALOG_COMPILER_GLOBAL_ACCENT_COLOR_NAME = AccentColor;
				CODE_SIGN_STYLE = Automatic;
				CURRENT_PROJECT_VERSION = 1;
				GENERATE_INFOPLIST_FILE = YES;
				INFOPLIST_FILE = week4_topic3_URLSession_practice/Info.plist;
				INFOPLIST_KEY_UIApplicationSupportsIndirectInputEvents = YES;
				INFOPLIST_KEY_UILaunchStoryboardName = LaunchScreen;
				INFOPLIST_KEY_UIMainStoryboardFile = Main;
				INFOPLIST_KEY_UISupportedInterfaceOrientations_iPad = "UIInterfaceOrientationPortrait UIInterfaceOrientationPortraitUpsideDown UIInterfaceOrientationLandscapeLeft UIInterfaceOrientationLandscapeRight";
				INFOPLIST_KEY_UISupportedInterfaceOrientations_iPhone = "UIInterfaceOrientationPortrait UIInterfaceOrientationLandscapeLeft UIInterfaceOrientationLandscapeRight";
				LD_RUNPATH_SEARCH_PATHS = (
					"$(inherited)",
					"@executable_path/Frameworks",
				);
				MARKETING_VERSION = 1.0;
				PRODUCT_BUNDLE_IDENTIFIER = "yen.week4-topic3-URLSession-practice";
				PRODUCT_NAME = "$(TARGET_NAME)";
				SWIFT_EMIT_LOC_STRINGS = YES;
				SWIFT_VERSION = 5.0;
				TARGETED_DEVICE_FAMILY = "1,2";
			};
			name = Release;
		};
		ACC948C42C3D0B5800E60F68 /* Debug */ = {
			isa = XCBuildConfiguration;
			buildSettings = {
				ALWAYS_EMBED_SWIFT_STANDARD_LIBRARIES = YES;
				BUNDLE_LOADER = "$(TEST_HOST)";
				CODE_SIGN_STYLE = Automatic;
				CURRENT_PROJECT_VERSION = 1;
				GENERATE_INFOPLIST_FILE = YES;
				IPHONEOS_DEPLOYMENT_TARGET = 17.5;
				MARKETING_VERSION = 1.0;
				PRODUCT_BUNDLE_IDENTIFIER = "yen.week4-topic3-URLSession-practiceTests";
				PRODUCT_NAME = "$(TARGET_NAME)";
				SWIFT_EMIT_LOC_STRINGS = NO;
				SWIFT_VERSION = 5.0;
				TARGETED_DEVICE_FAMILY = "1,2";
				TEST_HOST = "$(BUILT_PRODUCTS_DIR)/week4_topic3_URLSession_practice.app/$(BUNDLE_EXECUTABLE_FOLDER_PATH)/week4_topic3_URLSession_practice";
			};
			name = Debug;
		};
		ACC948C52C3D0B5800E60F68 /* Release */ = {
			isa = XCBuildConfiguration;
			buildSettings = {
				ALWAYS_EMBED_SWIFT_STANDARD_LIBRARIES = YES;
				BUNDLE_LOADER = "$(TEST_HOST)";
				CODE_SIGN_STYLE = Automatic;
				CURRENT_PROJECT_VERSION = 1;
				GENERATE_INFOPLIST_FILE = YES;
				IPHONEOS_DEPLOYMENT_TARGET = 17.5;
				MARKETING_VERSION = 1.0;
				PRODUCT_BUNDLE_IDENTIFIER = "yen.week4-topic3-URLSession-practiceTests";
				PRODUCT_NAME = "$(TARGET_NAME)";
				SWIFT_EMIT_LOC_STRINGS = NO;
				SWIFT_VERSION = 5.0;
				TARGETED_DEVICE_FAMILY = "1,2";
				TEST_HOST = "$(BUILT_PRODUCTS_DIR)/week4_topic3_URLSession_practice.app/$(BUNDLE_EXECUTABLE_FOLDER_PATH)/week4_topic3_URLSession_practice";
			};
			name = Release;
		};
		ACC948C72C3D0B5800E60F68 /* Debug */ = {
			isa = XCBuildConfiguration;
			buildSettings = {
				ALWAYS_EMBED_SWIFT_STANDARD_LIBRARIES = YES;
				CODE_SIGN_STYLE = Automatic;
				CURRENT_PROJECT_VERSION = 1;
				GENERATE_INFOPLIST_FILE = YES;
				MARKETING_VERSION = 1.0;
				PRODUCT_BUNDLE_IDENTIFIER = "yen.week4-topic3-URLSession-practiceUITests";
				PRODUCT_NAME = "$(TARGET_NAME)";
				SWIFT_EMIT_LOC_STRINGS = NO;
				SWIFT_VERSION = 5.0;
				TARGETED_DEVICE_FAMILY = "1,2";
				TEST_TARGET_NAME = week4_topic3_URLSession_practice;
			};
			name = Debug;
		};
		ACC948C82C3D0B5800E60F68 /* Release */ = {
			isa = XCBuildConfiguration;
			buildSettings = {
				ALWAYS_EMBED_SWIFT_STANDARD_LIBRARIES = YES;
				CODE_SIGN_STYLE = Automatic;
				CURRENT_PROJECT_VERSION = 1;
				GENERATE_INFOPLIST_FILE = YES;
				MARKETING_VERSION = 1.0;
				PRODUCT_BUNDLE_IDENTIFIER = "yen.week4-topic3-URLSession-practiceUITests";
				PRODUCT_NAME = "$(TARGET_NAME)";
				SWIFT_EMIT_LOC_STRINGS = NO;
				SWIFT_VERSION = 5.0;
				TARGETED_DEVICE_FAMILY = "1,2";
				TEST_TARGET_NAME = week4_topic3_URLSession_practice;
			};
			name = Release;
		};
/* End XCBuildConfiguration section */

/* Begin XCConfigurationList section */
		ACC948912C3D0B5600E60F68 /* Build configuration list for PBXProject "week4_topic3_URLSession_practice" */ = {
			isa = XCConfigurationList;
			buildConfigurations = (
				ACC948BE2C3D0B5800E60F68 /* Debug */,
				ACC948BF2C3D0B5800E60F68 /* Release */,
			);
			defaultConfigurationIsVisible = 0;
			defaultConfigurationName = Release;
		};
		ACC948C02C3D0B5800E60F68 /* Build configuration list for PBXNativeTarget "week4_topic3_URLSession_practice" */ = {
			isa = XCConfigurationList;
			buildConfigurations = (
				ACC948C12C3D0B5800E60F68 /* Debug */,
				ACC948C22C3D0B5800E60F68 /* Release */,
			);
			defaultConfigurationIsVisible = 0;
			defaultConfigurationName = Release;
		};
		ACC948C32C3D0B5800E60F68 /* Build configuration list for PBXNativeTarget "week4_topic3_URLSession_practiceTests" */ = {
			isa = XCConfigurationList;
			buildConfigurations = (
				ACC948C42C3D0B5800E60F68 /* Debug */,
				ACC948C52C3D0B5800E60F68 /* Release */,
			);
			defaultConfigurationIsVisible = 0;
			defaultConfigurationName = Release;
		};
		ACC948C62C3D0B5800E60F68 /* Build configuration list for PBXNativeTarget "week4_topic3_URLSession_practiceUITests" */ = {
			isa = XCConfigurationList;
			buildConfigurations = (
				ACC948C72C3D0B5800E60F68 /* Debug */,
				ACC948C82C3D0B5800E60F68 /* Release */,
			);
			defaultConfigurationIsVisible = 0;
			defaultConfigurationName = Release;
		};
/* End XCConfigurationList section */
	};
	rootObject = ACC9488E2C3D0B5600E60F68 /* Project object */;
}
